
Microsoft Visual Studio Solution File, Format Version 12.00
# Visual Studio 14
VisualStudioVersion = 14.0.25420.1
MinimumVisualStudioVersion = 10.0.40219.1
Project("{A07B5EB6-E848-4116-A8D0-A826331D98C6}") = "NodeDiagnosticsApplication", "NodeDiagnosticsApplication\NodeDiagnosticsApplication.sfproj", "{AE586840-C8D7-4680-B12D-809967D0438C}"
EndProject
Project("{FAE04EC0-301F-11D3-BF4B-00C04F79EFBC}") = "NodeDiagnosticsService", "NodeDiagnosticsService\NodeDiagnosticsService.csproj", "{63BD4A7B-7388-40BC-A90E-E1F76E299501}"
EndProject
Global
	GlobalSection(SolutionConfigurationPlatforms) = preSolution
		Debug|x64 = Debug|x64
		Release|x64 = Release|x64
	EndGlobalSection
	GlobalSection(ProjectConfigurationPlatforms) = postSolution
		{AE586840-C8D7-4680-B12D-809967D0438C}.Debug|x64.ActiveCfg = Debug|x64
		{AE586840-C8D7-4680-B12D-809967D0438C}.Debug|x64.Build.0 = Debug|x64
		{AE586840-C8D7-4680-B12D-809967D0438C}.Debug|x64.Deploy.0 = Debug|x64
		{AE586840-C8D7-4680-B12D-809967D0438C}.Release|x64.ActiveCfg = Release|x64
		{AE586840-C8D7-4680-B12D-809967D0438C}.Release|x64.Build.0 = Release|x64
		{AE586840-C8D7-4680-B12D-809967D0438C}.Release|x64.Deploy.0 = Release|x64
		{63BD4A7B-7388-40BC-A90E-E1F76E299501}.Debug|x64.ActiveCfg = Debug|x64
		{63BD4A7B-7388-40BC-A90E-E1F76E299501}.Debug|x64.Build.0 = Debug|x64
		{63BD4A7B-7388-40BC-A90E-E1F76E299501}.Release|x64.ActiveCfg = Release|x64
		{63BD4A7B-7388-40BC-A90E-E1F76E299501}.Release|x64.Build.0 = Release|x64
	EndGlobalSection
	GlobalSection(SolutionProperties) = preSolution
		HideSolutionNode = FALSE
	EndGlobalSection
EndGlobal
